<?xml version="1.0" encoding="utf-8"?>
<Project ToolsVersion="4.0" xmlns="http://schemas.microsoft.com/developer/msbuild/2003">
  <ItemGroup>
    <ClCompile Include="KalidescopeTest\Kalidescope.cpp">
      <Filter>KalidescopeTest</Filter>
    </ClCompile>
    <ClCompile Include="KalidescopeTest\Lexer.cpp">
      <Filter>KalidescopeTest\Lexer</Filter>
    </ClCompile>
    <ClCompile Include="KalidescopeTest\AbstractSyntaxTree.cpp">
      <Filter>KalidescopeTest\AbstractSyntaxTree</Filter>
    </ClCompile>
  </ItemGroup>
  <ItemGroup>
    <Filter Include="KalidescopeTest">
      <UniqueIdentifier>{b92e57da-5959-4d12-9f6e-e368173342ea}</UniqueIdentifier>
    </Filter>
    <Filter Include="KalidescopeTest\Lexer">
      <UniqueIdentifier>{a6e0f971-910f-4c58-97c3-dfaa2b10ddf2}</UniqueIdentifier>
    </Filter>
    <Filter Include="KalidescopeTest\AbstractSyntaxTree">
      <UniqueIdentifier>{1acd9d98-836a-41cc-b5d7-b2ee24b4bab2}</UniqueIdentifier>
    </Filter>
    <Filter Include="KalidescopeTest\Cpp_Assist">
      <UniqueIdentifier>{ce96698c-8853-4821-90f7-92bbfc5fd9e8}</UniqueIdentifier>
    </Filter>
    <Filter Include="KalidescopeTest\Parser">
      <UniqueIdentifier>{87447f56-643c-4224-bb63-b2bcce5b2e92}</UniqueIdentifier>
    </Filter>
    <Filter Include="KalidescopeTest\CodeGeneration">
      <UniqueIdentifier>{027ee0c0-37d4-4180-b60c-175d28bcd828}</UniqueIdentifier>
    </Filter>
  </ItemGroup>
  <ItemGroup>
    <ClInclude Include="KalidescopeTest\String_Assist.hpp">
      <Filter>KalidescopeTest\Cpp_Assist</Filter>
    </ClInclude>
    <ClInclude Include="KalidescopeTest\AbstractSyntaxTree.hpp">
      <Filter>KalidescopeTest\AbstractSyntaxTree</Filter>
    </ClInclude>
    <ClInclude Include="KalidescopeTest\Cpp_Assist.hpp">
      <Filter>KalidescopeTest\Cpp_Assist</Filter>
    </ClInclude>
    <ClInclude Include="KalidescopeTest\Lexer.hpp">
      <Filter>KalidescopeTest\Lexer</Filter>
    </ClInclude>
    <ClInclude Include="KalidescopeTest\Memory_Assist.hpp">
      <Filter>KalidescopeTest\Cpp_Assist</Filter>
    </ClInclude>
    <ClInclude Include="KalidescopeTest\Parser.hpp">
      <Filter>KalidescopeTest\Parser</Filter>
    </ClInclude>
  </ItemGroup>
</Project>