<?xml version="1.0" encoding="utf-8"?>
<Project ToolsVersion="4.0" xmlns="http://schemas.microsoft.com/developer/msbuild/2003">
  <ItemGroup>
    <ClCompile Include="Execution.c" />
    <ClCompile Include="Core\Cycler.c" />
    <ClCompile Include="CommandLine\CmdRegistry.c" />
    <ClCompile Include="CommandLine\CmdInput.c" />
    <ClCompile Include="CommandLine\CmdFlags.c" />
    <ClCompile Include="CommandLine\Cmd.c" />
    <ClCompile Include="Utilities\CString.c" />
    <ClCompile Include="Utilities\TBF\TBF_CAssist.c" />
  </ItemGroup>
  <ItemGroup>
    <ClInclude Include="Core\Cycler.h" />
    <ClInclude Include="CommandLine\CmdRegistry.h" />
    <ClInclude Include="CommandLine\CmdInput.h" />
    <ClInclude Include="CommandLine\CmdFlags.h" />
    <ClInclude Include="CommandLine\Cmd.h" />
    <ClInclude Include="Utilities\TBF\TBF_CAssist.h" />
    <ClInclude Include="Utilities\TBF\TBF_ConsoleIO.h" />
    <ClInclude Include="Utilities\FundamentalTypes.h" />
    <ClInclude Include="Utilities\CString.h" />
  </ItemGroup>
</Project>